# THIS IS AN AUTOGENERATED FILE. DO NOT EDIT THIS FILE DIRECTLY.
# yarn lockfile v1


emoji-datasource@3.0.0:
  version "3.0.0"
  resolved "https://registry.yarnpkg.com/emoji-datasource/-/emoji-datasource-3.0.0.tgz#3c46c5aa4c39bb7a0c8e6877ae02cc94dbc1b12f"

emoji-js@3.2.2:
  version "3.2.2"
  resolved "https://registry.yarnpkg.com/emoji-js/-/emoji-js-3.2.2.tgz#9f371f4bbd04f18dce08429925620b66f49af6a5"
  dependencies:
    emoji-datasource "3.0.0"
